
Microsoft Visual Studio Solution File, Format Version 12.00
# Visual Studio Version 17
VisualStudioVersion = 17.0.32112.339
MinimumVisualStudioVersion = 10.0.40219.1
Project("{FAE04EC0-301F-11D3-BF4B-00C04F79EFBC}") = "IOSU", "IOSU\IOSU.csproj", "{DE465FDF-65C7-462A-A221-D912E412896B}"
EndProject
Global
	GlobalSection(SolutionConfigurationPlatforms) = preSolution
		Debug|Any CPU = Debug|Any CPU
		Release|Any CPU = Release|Any CPU
	EndGlobalSection
	GlobalSection(ProjectConfigurationPlatforms) = postSolution
		{DE465FDF-65C7-462A-A221-D912E412896B}.Debug|Any CPU.ActiveCfg = Debug|Any CPU
		{DE465FDF-65C7-462A-A221-D912E412896B}.Debug|Any CPU.Build.0 = Debug|Any CPU
		{DE465FDF-65C7-462A-A221-D912E412896B}.Release|Any CPU.ActiveCfg = Release|Any CPU
		{DE465FDF-65C7-462A-A221-D912E412896B}.Release|Any CPU.Build.0 = Release|Any CPU
	EndGlobalSection
	GlobalSection(SolutionProperties) = preSolution
		HideSolutionNode = FALSE
	EndGlobalSection
	GlobalSection(ExtensibilityGlobals) = postSolution
		SolutionGuid = {8C587E64-3B18-471D-9558-AE5163EDADB9}
	EndGlobalSection
EndGlobal
